{
  "name": "tiny-vue-demo",
  "version": "0.1.0",
  "lockfileVersion": 1,
  "requires": true,
  "dependencies": {
    "@tinymce/tinymce-vue": {
      "version": "3.2.8",
      "resolved": "https://registry.npmjs.org/@tinymce/tinymce-vue/-/tinymce-vue-3.2.8.tgz",
      "integrity": "sha512-jEz+NZ0g+FZFz273OEUWz9QkwPMyjc5AJYyxOgu51O1Y5UaJ/6IUddXTX6A20mwCleEv5ebwNYdalviafx4fnA==",
      "dev": true
    },
    "tinymce": {
      "version": "5.7.0",
      "resolved": "https://registry.npmjs.org/tinymce/-/tinymce-5.7.0.tgz",
      "integrity": "sha512-WikgMpJbqYPaucV3lfstCj+Y4NquZlK61gyuJ2eqDUBlSU+4fFh6rpwnelVTxuvtEyJsAVOl8HZmbzBfDJiLsQ==",
      "dev": true
    }
  }
}
